# This file is generated by running "yarn install" inside your project.
# Manual changes might be lost - proceed with caution!

__metadata:
  version: 5
  cacheKey: 8

"@types/node@npm:16.11.9":
  version: 16.11.9
  resolution: "@types/node@npm:16.11.9"
  checksum: baec2e6471ee58fd1e9874e6f47ab95a918a0f46b42424392e4c13e3e07f078f8b72b6b48073b0b14f710ed66c5f1b2e497df43f28151000f11f5f299382cfe2
  languageName: node
  linkType: hard

"@types/prop-types@npm:*":
  version: 15.7.4
  resolution: "@types/prop-types@npm:15.7.4"
  checksum: ef6e1899e59b876c273811b1bd845022fc66d5a3d11cb38a25b6c566b30514ae38fe20a40f67622f362a4f4f7f9224e22d8da101cff3d6e97e11d7b4c307cfc1
  languageName: node
  linkType: hard

"@types/react@npm:17.0.36":
  version: 17.0.36
  resolution: "@types/react@npm:17.0.36"
  dependencies:
    "@types/prop-types": "*"
    "@types/scheduler": "*"
    csstype: ^3.0.2
  checksum: feeaa484d5d7e354ba6830b06342dec6fd1a2ac87f73d21d3d4f2a3d311459de4090330a1e8af7275c8d1e7737b655a7550c8dd3dbc74ccf34ffd3fc824bbd12
  languageName: node
  linkType: hard

"@types/scheduler@npm:*":
  version: 0.16.2
  resolution: "@types/scheduler@npm:0.16.2"
  checksum: b6b4dcfeae6deba2e06a70941860fb1435730576d3689225a421280b7742318d1548b3d22c1f66ab68e414f346a9542f29240bc955b6332c5b11e561077583bc
  languageName: node
  linkType: hard

"csstype@npm:^3.0.2":
  version: 3.0.10
  resolution: "csstype@npm:3.0.10"
  checksum: 20a8fa324f2b33ddf94aa7507d1b6ab3daa6f3cc308888dc50126585d7952f2471de69b2dbe0635d1fdc31223fef8e070842691877e725caf456e2378685a631
  languageName: node
  linkType: hard

"space1@workspace:packages/space1":
  version: 0.0.0-use.local
  resolution: "space1@workspace:packages/space1"
  dependencies:
    "@types/node": 16.11.9
    "@types/react": 17.0.36
  peerDependencies:
    react: 17.0.2
  languageName: unknown
  linkType: soft

"workspace-bug@workspace:.":
  version: 0.0.0-use.local
  resolution: "workspace-bug@workspace:."
  dependencies:
    "@types/node": 16.11.9
    "@types/react": 17.0.36
  peerDependencies:
    react: 17.0.2
  languageName: unknown
  linkType: soft
